
Microsoft Visual Studio Solution File, Format Version 12.00
# Visual Studio 15
VisualStudioVersion = 15.0.27130.2010
MinimumVisualStudioVersion = 10.0.40219.1
Project("{FAE04EC0-301F-11D3-BF4B-00C04F79EFBC}") = "LuanEGuilherme", "LuanEGuilherme\LuanEGuilherme.csproj", "{335ADB72-1708-46BF-A2EA-56EEED719F8E}"
EndProject
Global
	GlobalSection(SolutionConfigurationPlatforms) = preSolution
		Debug|Any CPU = Debug|Any CPU
		Release|Any CPU = Release|Any CPU
	EndGlobalSection
	GlobalSection(ProjectConfigurationPlatforms) = postSolution
		{335ADB72-1708-46BF-A2EA-56EEED719F8E}.Debug|Any CPU.ActiveCfg = Debug|Any CPU
		{335ADB72-1708-46BF-A2EA-56EEED719F8E}.Debug|Any CPU.Build.0 = Debug|Any CPU
		{335ADB72-1708-46BF-A2EA-56EEED719F8E}.Release|Any CPU.ActiveCfg = Release|Any CPU
		{335ADB72-1708-46BF-A2EA-56EEED719F8E}.Release|Any CPU.Build.0 = Release|Any CPU
	EndGlobalSection
	GlobalSection(SolutionProperties) = preSolution
		HideSolutionNode = FALSE
	EndGlobalSection
	GlobalSection(ExtensibilityGlobals) = postSolution
		SolutionGuid = {A927FAA6-6AA8-452E-AC72-F28977417721}
	EndGlobalSection
EndGlobal
